
Microsoft Visual Studio Solution File, Format Version 12.00
# Visual Studio Version 17
VisualStudioVersion = 17.13.35931.197
MinimumVisualStudioVersion = 10.0.40219.1
Project("{FAE04EC0-301F-11D3-BF4B-00C04F79EFBC}") = "MWSProductApp-New", "MWSProductApp-New\MWSProductApp-New.csproj", "{39E06950-F2F1-45DC-90F9-312DA8B7EF6F}"
EndProject
Project("{FAE04EC0-301F-11D3-BF4B-00C04F79EFBC}") = "MWSProductApp.Common", "MWSProductApp.Common\MWSProductApp.Common.csproj", "{A03D0A92-4723-416B-9441-12F393B8555D}"
EndProject
Project("{FAE04EC0-301F-11D3-BF4B-00C04F79EFBC}") = "MWSProductApp.Contract", "MWSProductApp.Contract\MWSProductApp.Contract.csproj", "{A12280F8-9946-42AB-A59C-83AB95C4162C}"
EndProject
Project("{FAE04EC0-301F-11D3-BF4B-00C04F79EFBC}") = "MWSProductApp.Infrastructure", "MWSProductApp.Infrastructure\MWSProductApp.Infrastructure.csproj", "{714FFB16-CBA6-4EDB-93A3-27218C82F27C}"
EndProject
Project("{FAE04EC0-301F-11D3-BF4B-00C04F79EFBC}") = "MWSProductApp.Core", "MWSProductApp.Core\MWSProductApp.Core.csproj", "{1063C67F-91BE-4050-BCD4-B7C83683F850}"
EndProject
Project("{FAE04EC0-301F-11D3-BF4B-00C04F79EFBC}") = "MWSDomain", "MWSDomain\MWSDomain.csproj", "{F58C7ECF-840E-4987-BD48-C115B43FFE15}"
EndProject
Global
	GlobalSection(SolutionConfigurationPlatforms) = preSolution
		Debug|Any CPU = Debug|Any CPU
		Release|Any CPU = Release|Any CPU
	EndGlobalSection
	GlobalSection(ProjectConfigurationPlatforms) = postSolution
		{39E06950-F2F1-45DC-90F9-312DA8B7EF6F}.Debug|Any CPU.ActiveCfg = Debug|Any CPU
		{39E06950-F2F1-45DC-90F9-312DA8B7EF6F}.Debug|Any CPU.Build.0 = Debug|Any CPU
		{39E06950-F2F1-45DC-90F9-312DA8B7EF6F}.Release|Any CPU.ActiveCfg = Release|Any CPU
		{39E06950-F2F1-45DC-90F9-312DA8B7EF6F}.Release|Any CPU.Build.0 = Release|Any CPU
		{A03D0A92-4723-416B-9441-12F393B8555D}.Debug|Any CPU.ActiveCfg = Debug|Any CPU
		{A03D0A92-4723-416B-9441-12F393B8555D}.Debug|Any CPU.Build.0 = Debug|Any CPU
		{A03D0A92-4723-416B-9441-12F393B8555D}.Release|Any CPU.ActiveCfg = Release|Any CPU
		{A03D0A92-4723-416B-9441-12F393B8555D}.Release|Any CPU.Build.0 = Release|Any CPU
		{A12280F8-9946-42AB-A59C-83AB95C4162C}.Debug|Any CPU.ActiveCfg = Debug|Any CPU
		{A12280F8-9946-42AB-A59C-83AB95C4162C}.Debug|Any CPU.Build.0 = Debug|Any CPU
		{A12280F8-9946-42AB-A59C-83AB95C4162C}.Release|Any CPU.ActiveCfg = Release|Any CPU
		{A12280F8-9946-42AB-A59C-83AB95C4162C}.Release|Any CPU.Build.0 = Release|Any CPU
		{714FFB16-CBA6-4EDB-93A3-27218C82F27C}.Debug|Any CPU.ActiveCfg = Debug|Any CPU
		{714FFB16-CBA6-4EDB-93A3-27218C82F27C}.Debug|Any CPU.Build.0 = Debug|Any CPU
		{714FFB16-CBA6-4EDB-93A3-27218C82F27C}.Release|Any CPU.ActiveCfg = Release|Any CPU
		{714FFB16-CBA6-4EDB-93A3-27218C82F27C}.Release|Any CPU.Build.0 = Release|Any CPU
		{1063C67F-91BE-4050-BCD4-B7C83683F850}.Debug|Any CPU.ActiveCfg = Debug|Any CPU
		{1063C67F-91BE-4050-BCD4-B7C83683F850}.Debug|Any CPU.Build.0 = Debug|Any CPU
		{1063C67F-91BE-4050-BCD4-B7C83683F850}.Release|Any CPU.ActiveCfg = Release|Any CPU
		{1063C67F-91BE-4050-BCD4-B7C83683F850}.Release|Any CPU.Build.0 = Release|Any CPU
		{F58C7ECF-840E-4987-BD48-C115B43FFE15}.Debug|Any CPU.ActiveCfg = Debug|Any CPU
		{F58C7ECF-840E-4987-BD48-C115B43FFE15}.Debug|Any CPU.Build.0 = Debug|Any CPU
		{F58C7ECF-840E-4987-BD48-C115B43FFE15}.Release|Any CPU.ActiveCfg = Release|Any CPU
		{F58C7ECF-840E-4987-BD48-C115B43FFE15}.Release|Any CPU.Build.0 = Release|Any CPU
	EndGlobalSection
	GlobalSection(SolutionProperties) = preSolution
		HideSolutionNode = FALSE
	EndGlobalSection
	GlobalSection(ExtensibilityGlobals) = postSolution
		SolutionGuid = {4ACCEC73-1915-487E-B03A-15836C5F442B}
	EndGlobalSection
EndGlobal
